
Microsoft Visual Studio Solution File, Format Version 12.00
# Visual Studio Version 17
VisualStudioVersion = 17.14.36408.4 d17.14
MinimumVisualStudioVersion = 10.0.40219.1
Project("{FAE04EC0-301F-11D3-BF4B-00C04F79EFBC}") = "WebAppBicicletas", "WebAppBicicletas\WebAppBicicletas.csproj", "{D53E301D-BF2F-4D9B-8831-4D46BAC25FF6}"
EndProject
Global
	GlobalSection(SolutionConfigurationPlatforms) = preSolution
		Debug|Any CPU = Debug|Any CPU
		Release|Any CPU = Release|Any CPU
	EndGlobalSection
	GlobalSection(ProjectConfigurationPlatforms) = postSolution
		{D53E301D-BF2F-4D9B-8831-4D46BAC25FF6}.Debug|Any CPU.ActiveCfg = Debug|Any CPU
		{D53E301D-BF2F-4D9B-8831-4D46BAC25FF6}.Debug|Any CPU.Build.0 = Debug|Any CPU
		{D53E301D-BF2F-4D9B-8831-4D46BAC25FF6}.Release|Any CPU.ActiveCfg = Release|Any CPU
		{D53E301D-BF2F-4D9B-8831-4D46BAC25FF6}.Release|Any CPU.Build.0 = Release|Any CPU
	EndGlobalSection
	GlobalSection(SolutionProperties) = preSolution
		HideSolutionNode = FALSE
	EndGlobalSection
	GlobalSection(ExtensibilityGlobals) = postSolution
		SolutionGuid = {A6CC8C37-61C1-4F27-A37E-A97BCEC6A3B2}
	EndGlobalSection
EndGlobal
